
Microsoft Visual Studio Solution File, Format Version 12.00
# Visual Studio Version 17
VisualStudioVersion = 17.5.002.0
MinimumVisualStudioVersion = 10.0.40219.1
Project("{9A19103F-16F7-4668-BE54-9A1E7A4F7556}") = "tl2-tp5-2024-julietacolque", "tl2-tp5-2024-julietacolque.csproj", "{5C534D13-2201-40EE-8256-EACB211E1D82}"
EndProject
Global
	GlobalSection(SolutionConfigurationPlatforms) = preSolution
		Debug|Any CPU = Debug|Any CPU
		Release|Any CPU = Release|Any CPU
	EndGlobalSection
	GlobalSection(ProjectConfigurationPlatforms) = postSolution
		{5C534D13-2201-40EE-8256-EACB211E1D82}.Debug|Any CPU.ActiveCfg = Debug|Any CPU
		{5C534D13-2201-40EE-8256-EACB211E1D82}.Debug|Any CPU.Build.0 = Debug|Any CPU
		{5C534D13-2201-40EE-8256-EACB211E1D82}.Release|Any CPU.ActiveCfg = Release|Any CPU
		{5C534D13-2201-40EE-8256-EACB211E1D82}.Release|Any CPU.Build.0 = Release|Any CPU
	EndGlobalSection
	GlobalSection(SolutionProperties) = preSolution
		HideSolutionNode = FALSE
	EndGlobalSection
	GlobalSection(ExtensibilityGlobals) = postSolution
		SolutionGuid = {C0410263-DCEC-443C-B5A6-4DFCA18EB368}
	EndGlobalSection
EndGlobal
